
Microsoft Visual Studio Solution File, Format Version 12.00
# Visual Studio 2013
VisualStudioVersion = 12.0.21005.1
MinimumVisualStudioVersion = 10.0.40219.1
Project("{FAE04EC0-301F-11D3-BF4B-00C04F79EFBC}") = "AdvertizingAgency1", "AdvertizingAgency1\AdvertizingAgency1.csproj", "{FA84A4A9-3D06-4E14-B473-A13A6B54B885}"
EndProject
Project("{FAE04EC0-301F-11D3-BF4B-00C04F79EFBC}") = "AdvertizingAgency1.Tests", "AdvertizingAgency1.Tests\AdvertizingAgency1.Tests.csproj", "{8E29F094-29D5-43CC-8247-6268D8B3CD55}"
EndProject
Project("{FAE04EC0-301F-11D3-BF4B-00C04F79EFBC}") = "BusinessLogic", "BusinessLogic\BusinessLogic.csproj", "{FAA9B83D-8387-431C-9F28-7AEBDF985C6C}"
EndProject
Global
	GlobalSection(SolutionConfigurationPlatforms) = preSolution
		Debug|Any CPU = Debug|Any CPU
		Release|Any CPU = Release|Any CPU
	EndGlobalSection
	GlobalSection(ProjectConfigurationPlatforms) = postSolution
		{FA84A4A9-3D06-4E14-B473-A13A6B54B885}.Debug|Any CPU.ActiveCfg = Debug|Any CPU
		{FA84A4A9-3D06-4E14-B473-A13A6B54B885}.Debug|Any CPU.Build.0 = Debug|Any CPU
		{FA84A4A9-3D06-4E14-B473-A13A6B54B885}.Release|Any CPU.ActiveCfg = Release|Any CPU
		{FA84A4A9-3D06-4E14-B473-A13A6B54B885}.Release|Any CPU.Build.0 = Release|Any CPU
		{8E29F094-29D5-43CC-8247-6268D8B3CD55}.Debug|Any CPU.ActiveCfg = Debug|Any CPU
		{8E29F094-29D5-43CC-8247-6268D8B3CD55}.Debug|Any CPU.Build.0 = Debug|Any CPU
		{8E29F094-29D5-43CC-8247-6268D8B3CD55}.Release|Any CPU.ActiveCfg = Release|Any CPU
		{8E29F094-29D5-43CC-8247-6268D8B3CD55}.Release|Any CPU.Build.0 = Release|Any CPU
		{FAA9B83D-8387-431C-9F28-7AEBDF985C6C}.Debug|Any CPU.ActiveCfg = Debug|Any CPU
		{FAA9B83D-8387-431C-9F28-7AEBDF985C6C}.Debug|Any CPU.Build.0 = Debug|Any CPU
		{FAA9B83D-8387-431C-9F28-7AEBDF985C6C}.Release|Any CPU.ActiveCfg = Release|Any CPU
		{FAA9B83D-8387-431C-9F28-7AEBDF985C6C}.Release|Any CPU.Build.0 = Release|Any CPU
	EndGlobalSection
	GlobalSection(SolutionProperties) = preSolution
		HideSolutionNode = FALSE
	EndGlobalSection
EndGlobal
